
Microsoft Visual Studio Solution File, Format Version 12.00
# Visual Studio Version 17
VisualStudioVersion = 17.8.34330.188
MinimumVisualStudioVersion = 10.0.40219.1
Project("{FAE04EC0-301F-11D3-BF4B-00C04F79EFBC}") = "ProNatur-Biomarkt GmbH", "ProNatur-Biomarkt GmbH\ProNatur-Biomarkt GmbH.csproj", "{3E1BC906-E252-42F9-86F3-86E5482374B5}"
EndProject
Global
	GlobalSection(SolutionConfigurationPlatforms) = preSolution
		Debug|Any CPU = Debug|Any CPU
		Release|Any CPU = Release|Any CPU
	EndGlobalSection
	GlobalSection(ProjectConfigurationPlatforms) = postSolution
		{3E1BC906-E252-42F9-86F3-86E5482374B5}.Debug|Any CPU.ActiveCfg = Debug|Any CPU
		{3E1BC906-E252-42F9-86F3-86E5482374B5}.Debug|Any CPU.Build.0 = Debug|Any CPU
		{3E1BC906-E252-42F9-86F3-86E5482374B5}.Release|Any CPU.ActiveCfg = Release|Any CPU
		{3E1BC906-E252-42F9-86F3-86E5482374B5}.Release|Any CPU.Build.0 = Release|Any CPU
	EndGlobalSection
	GlobalSection(SolutionProperties) = preSolution
		HideSolutionNode = FALSE
	EndGlobalSection
	GlobalSection(ExtensibilityGlobals) = postSolution
		SolutionGuid = {CA6F1F5E-1FB5-45EA-9FC7-FDE2292BD405}
	EndGlobalSection
EndGlobal
